
Microsoft Visual Studio Solution File, Format Version 12.00
# Visual Studio 15
VisualStudioVersion = 15.0.28010.2003
MinimumVisualStudioVersion = 10.0.40219.1
Project("{9A19103F-16F7-4668-BE54-9A1E7A4F7556}") = "Poi.Api", "Poi.Api\Poi.Api.csproj", "{2421D5C5-4896-4CA0-AAEE-F2875BA3314C}"
EndProject
Project("{9A19103F-16F7-4668-BE54-9A1E7A4F7556}") = "Poi.Domain", "Poi.Domain\Poi.Domain.csproj", "{EA1F0E47-F053-4502-9269-B42D2F7EC3EA}"
EndProject
Project("{9A19103F-16F7-4668-BE54-9A1E7A4F7556}") = "Poi.AppServices", "Poi.AppServices\Poi.AppServices.csproj", "{8DE98DC8-D1CC-42C4-B9C8-EC588D8755D9}"
EndProject
Project("{9A19103F-16F7-4668-BE54-9A1E7A4F7556}") = "Poi.Data", "Poi.Data\Poi.Data.csproj", "{0DB61A24-375D-4424-A9EB-68253DF8059E}"
EndProject
Project("{2150E333-8FDC-42A3-9474-1A3956D46DE8}") = "Tests", "Tests", "{CA75BEF7-D481-4D05-8997-FE4C5BB0FA1E}"
EndProject
Project("{9A19103F-16F7-4668-BE54-9A1E7A4F7556}") = "Tests.Poi.Data", "Tests\Tests.Poi.Data\Tests.Poi.Data.csproj", "{2D19BED7-331C-4BE8-9D28-A973555DB295}"
EndProject
Global
	GlobalSection(SolutionConfigurationPlatforms) = preSolution
		Debug|Any CPU = Debug|Any CPU
		Release|Any CPU = Release|Any CPU
	EndGlobalSection
	GlobalSection(ProjectConfigurationPlatforms) = postSolution
		{2421D5C5-4896-4CA0-AAEE-F2875BA3314C}.Debug|Any CPU.ActiveCfg = Debug|Any CPU
		{2421D5C5-4896-4CA0-AAEE-F2875BA3314C}.Debug|Any CPU.Build.0 = Debug|Any CPU
		{2421D5C5-4896-4CA0-AAEE-F2875BA3314C}.Release|Any CPU.ActiveCfg = Release|Any CPU
		{2421D5C5-4896-4CA0-AAEE-F2875BA3314C}.Release|Any CPU.Build.0 = Release|Any CPU
		{EA1F0E47-F053-4502-9269-B42D2F7EC3EA}.Debug|Any CPU.ActiveCfg = Debug|Any CPU
		{EA1F0E47-F053-4502-9269-B42D2F7EC3EA}.Debug|Any CPU.Build.0 = Debug|Any CPU
		{EA1F0E47-F053-4502-9269-B42D2F7EC3EA}.Release|Any CPU.ActiveCfg = Release|Any CPU
		{EA1F0E47-F053-4502-9269-B42D2F7EC3EA}.Release|Any CPU.Build.0 = Release|Any CPU
		{8DE98DC8-D1CC-42C4-B9C8-EC588D8755D9}.Debug|Any CPU.ActiveCfg = Debug|Any CPU
		{8DE98DC8-D1CC-42C4-B9C8-EC588D8755D9}.Debug|Any CPU.Build.0 = Debug|Any CPU
		{8DE98DC8-D1CC-42C4-B9C8-EC588D8755D9}.Release|Any CPU.ActiveCfg = Release|Any CPU
		{8DE98DC8-D1CC-42C4-B9C8-EC588D8755D9}.Release|Any CPU.Build.0 = Release|Any CPU
		{0DB61A24-375D-4424-A9EB-68253DF8059E}.Debug|Any CPU.ActiveCfg = Debug|Any CPU
		{0DB61A24-375D-4424-A9EB-68253DF8059E}.Debug|Any CPU.Build.0 = Debug|Any CPU
		{0DB61A24-375D-4424-A9EB-68253DF8059E}.Release|Any CPU.ActiveCfg = Release|Any CPU
		{0DB61A24-375D-4424-A9EB-68253DF8059E}.Release|Any CPU.Build.0 = Release|Any CPU
		{2D19BED7-331C-4BE8-9D28-A973555DB295}.Debug|Any CPU.ActiveCfg = Debug|Any CPU
		{2D19BED7-331C-4BE8-9D28-A973555DB295}.Debug|Any CPU.Build.0 = Debug|Any CPU
		{2D19BED7-331C-4BE8-9D28-A973555DB295}.Release|Any CPU.ActiveCfg = Release|Any CPU
		{2D19BED7-331C-4BE8-9D28-A973555DB295}.Release|Any CPU.Build.0 = Release|Any CPU
	EndGlobalSection
	GlobalSection(SolutionProperties) = preSolution
		HideSolutionNode = FALSE
	EndGlobalSection
	GlobalSection(NestedProjects) = preSolution
		{2D19BED7-331C-4BE8-9D28-A973555DB295} = {CA75BEF7-D481-4D05-8997-FE4C5BB0FA1E}
	EndGlobalSection
	GlobalSection(ExtensibilityGlobals) = postSolution
		SolutionGuid = {984C2A02-A82C-455F-B046-4CD6D8DD4118}
	EndGlobalSection
EndGlobal
